// !$*UTF8*$!
{
	archiveVersion = 1;
	classes = {
	};
	objectVersion = 46;
	objects = {

/* Begin PBXBuildFile section */
		604B826518509C42008587BA /* iconVisaDetails.png in Resources */ = {isa = PBXBuildFile; fileRef = 604B826318509C42008587BA /* iconVisaDetails.png */; };
		604B826618509C42008587BA /* iconVisaDetails@2x.png in Resources */ = {isa = PBXBuildFile; fileRef = 604B826418509C42008587BA /* iconVisaDetails@2x.png */; };
		604B826918509C4D008587BA /* iconMastercardDetails.png in Resources */ = {isa = PBXBuildFile; fileRef = 604B826718509C4D008587BA /* iconMastercardDetails.png */; };
		604B826A18509C4D008587BA /* iconMastercardDetails@2x.png in Resources */ = {isa = PBXBuildFile; fileRef = 604B826818509C4D008587BA /* iconMastercardDetails@2x.png */; };
		60D132771902723E00F482E5 /* MapKit.framework in Frameworks */ = {isa = PBXBuildFile; fileRef = 60D132761902723E00F482E5 /* MapKit.framework */; };
		60FF9891181A7F370093C838 /* Foundation.framework in Frameworks */ = {isa = PBXBuildFile; fileRef = 60FF9890181A7F370093C838 /* Foundation.framework */; };
		60FF9893181A7F370093C838 /* CoreGraphics.framework in Frameworks */ = {isa = PBXBuildFile; fileRef = 60FF9892181A7F370093C838 /* CoreGraphics.framework */; };
		60FF9895181A7F370093C838 /* UIKit.framework in Frameworks */ = {isa = PBXBuildFile; fileRef = 60FF9894181A7F370093C838 /* UIKit.framework */; };
		60FF989B181A7F370093C838 /* InfoPlist.strings in Resources */ = {isa = PBXBuildFile; fileRef = 60FF9899181A7F370093C838 /* InfoPlist.strings */; };
		60FF989D181A7F370093C838 /* main.m in Sources */ = {isa = PBXBuildFile; fileRef = 60FF989C181A7F370093C838 /* main.m */; };
		60FF98A1181A7F370093C838 /* GRFXAppDelegate.m in Sources */ = {isa = PBXBuildFile; fileRef = 60FF98A0181A7F370093C838 /* GRFXAppDelegate.m */; };
		60FF98A4181A7F370093C838 /* Main.storyboard in Resources */ = {isa = PBXBuildFile; fileRef = 60FF98A2181A7F370093C838 /* Main.storyboard */; };
		60FF98A7181A7F370093C838 /* GRFXMapViewController.m in Sources */ = {isa = PBXBuildFile; fileRef = 60FF98A6181A7F370093C838 /* GRFXMapViewController.m */; };
		60FF98A9181A7F370093C838 /* Images.xcassets in Resources */ = {isa = PBXBuildFile; fileRef = 60FF98A8181A7F370093C838 /* Images.xcassets */; };
		60FF98B0181A7F370093C838 /* XCTest.framework in Frameworks */ = {isa = PBXBuildFile; fileRef = 60FF98AF181A7F370093C838 /* XCTest.framework */; };
		60FF98B1181A7F370093C838 /* Foundation.framework in Frameworks */ = {isa = PBXBuildFile; fileRef = 60FF9890181A7F370093C838 /* Foundation.framework */; };
		60FF98B2181A7F370093C838 /* UIKit.framework in Frameworks */ = {isa = PBXBuildFile; fileRef = 60FF9894181A7F370093C838 /* UIKit.framework */; };
		60FF98BA181A7F370093C838 /* InfoPlist.strings in Resources */ = {isa = PBXBuildFile; fileRef = 60FF98B8181A7F370093C838 /* InfoPlist.strings */; };
		60FF98BC181A7F370093C838 /* ATMinKGTests.m in Sources */ = {isa = PBXBuildFile; fileRef = 60FF98BB181A7F370093C838 /* ATMinKGTests.m */; };
		71F0F027B2D8B761598D56F3 /* iconVisa@2x.png in Resources */ = {isa = PBXBuildFile; fileRef = 71F0FFA6B280199D4B8D9BE9 /* iconVisa@2x.png */; };
		71F0F0765182DCCBF0D349FA /* filterBarBg.png in Resources */ = {isa = PBXBuildFile; fileRef = 71F0F22B742F90109F0B0E92 /* filterBarBg.png */; };
		71F0F1A0C84A8D31984CA6BD /* GRFXFilterView.m in Sources */ = {isa = PBXBuildFile; fileRef = 71F0F296BA7141529C8EF4FD /* GRFXFilterView.m */; };
		71F0F1CFC7EAA6EA45963B16 /* GRFXParsers.m in Sources */ = {isa = PBXBuildFile; fileRef = 71F0F1453F036B802A3BD5F8 /* GRFXParsers.m */; };
		71F0F1EDCEF74D6B7949DCC0 /* iconAtm.png in Resources */ = {isa = PBXBuildFile; fileRef = 71F0F351AD377DE5B0C09619 /* iconAtm.png */; };
		71F0F31597AF01FB2A87FFF2 /* GRFXBanksProxy.m in Sources */ = {isa = PBXBuildFile; fileRef = 71F0FF9E93040C9983A77742 /* GRFXBanksProxy.m */; };
		71F0F4F297DC4CA9D061CEFD /* GRFXOSMapViewController.m in Sources */ = {isa = PBXBuildFile; fileRef = 71F0F061431E7894DDF25970 /* GRFXOSMapViewController.m */; };
		71F0F4F538C82DFCFFB6BC36 /* iconMastercard@2x.png in Resources */ = {isa = PBXBuildFile; fileRef = 71F0F08FD8211A7D1429184E /* iconMastercard@2x.png */; };
		71F0F59890B716CFCD5B3C15 /* filterBarBg@2x.png in Resources */ = {isa = PBXBuildFile; fileRef = 71F0F85AB7D3ADE4BEA0691F /* filterBarBg@2x.png */; };
		71F0F5AD157A2EBE5E0CF401 /* GRFXFilterPredicates.m in Sources */ = {isa = PBXBuildFile; fileRef = 71F0F97653A08BD20DA85498 /* GRFXFilterPredicates.m */; };
		71F0F5AF08DF981B4E74D64A /* GRFXFilterButton.m in Sources */ = {isa = PBXBuildFile; fileRef = 71F0F97FCA1F153535A1CA01 /* GRFXFilterButton.m */; };
		71F0F716EA28814081AAE655 /* GRFXATMProxy.m in Sources */ = {isa = PBXBuildFile; fileRef = 71F0F7492A8158580CAAD132 /* GRFXATMProxy.m */; };
		71F0F71EE3F2002C9AA50D57 /* iconVisa.png in Resources */ = {isa = PBXBuildFile; fileRef = 71F0F16DD4CA5827B4A4D429 /* iconVisa.png */; };
		71F0F797C12D3D58B531ACCE /* UIImage+ImageEffects.m in Sources */ = {isa = PBXBuildFile; fileRef = 71F0FD3C6F4E7870C49FED4B /* UIImage+ImageEffects.m */; };
		71F0F9BEFD4D6FE2A1FDD9B4 /* GRFXATM.m in Sources */ = {isa = PBXBuildFile; fileRef = 71F0FCFA13982542571A42BE /* GRFXATM.m */; };
		71F0FA1550E6118DC6CB9878 /* FilterView.xib in Resources */ = {isa = PBXBuildFile; fileRef = 71F0F0302854B2FABDF607BB /* FilterView.xib */; };
		71F0FCD9F09A4E70CF9F5C80 /* iconMastercard.png in Resources */ = {isa = PBXBuildFile; fileRef = 71F0FF2C977507DA2BA88B9B /* iconMastercard.png */; };
		71F0FE4B6C1CB28846C9A8CC /* GRFXATMDetailsViewController.m in Sources */ = {isa = PBXBuildFile; fileRef = 71F0F11145E0975DC49CA9BE /* GRFXATMDetailsViewController.m */; };
		71F0FEEB569D36EAAE18D43B /* UIView+blur.m in Sources */ = {isa = PBXBuildFile; fileRef = 71F0F82CD68A718B4E56BC7F /* UIView+blur.m */; };
		71F0FF0830D1A6A3CAD4D462 /* iconAtm@2x.png in Resources */ = {isa = PBXBuildFile; fileRef = 71F0F29B5E09CDF0F332A1E7 /* iconAtm@2x.png */; };
		7AAC0416BA6A4465B706ED79 /* libPods.a in Frameworks */ = {isa = PBXBuildFile; fileRef = 5FEE78E4B4EA49DD8C60D9C8 /* libPods.a */; };
/* End PBXBuildFile section */

/* Begin PBXContainerItemProxy section */
		60FF98B3181A7F370093C838 /* PBXContainerItemProxy */ = {
			isa = PBXContainerItemProxy;
			containerPortal = 60FF9885181A7F370093C838 /* Project object */;
			proxyType = 1;
			remoteGlobalIDString = 60FF988C181A7F370093C838;
			remoteInfo = ATMinKG;
		};
/* End PBXContainerItemProxy section */

/* Begin PBXFileReference section */
		54998F5DF17F47A589697D02 /* Pods.xcconfig */ = {isa = PBXFileReference; includeInIndex = 1; lastKnownFileType = text.xcconfig; name = Pods.xcconfig; path = Pods/Pods.xcconfig; sourceTree = "<group>"; };
		5FEE78E4B4EA49DD8C60D9C8 /* libPods.a */ = {isa = PBXFileReference; explicitFileType = archive.ar; includeInIndex = 0; path = libPods.a; sourceTree = BUILT_PRODUCTS_DIR; };
		604B826318509C42008587BA /* iconVisaDetails.png */ = {isa = PBXFileReference; lastKnownFileType = image.png; path = iconVisaDetails.png; sourceTree = "<group>"; };
		604B826418509C42008587BA /* iconVisaDetails@2x.png */ = {isa = PBXFileReference; lastKnownFileType = image.png; path = "iconVisaDetails@2x.png"; sourceTree = "<group>"; };
		604B826718509C4D008587BA /* iconMastercardDetails.png */ = {isa = PBXFileReference; lastKnownFileType = image.png; path = iconMastercardDetails.png; sourceTree = "<group>"; };
		604B826818509C4D008587BA /* iconMastercardDetails@2x.png */ = {isa = PBXFileReference; lastKnownFileType = image.png; path = "iconMastercardDetails@2x.png"; sourceTree = "<group>"; };
		60D132761902723E00F482E5 /* MapKit.framework */ = {isa = PBXFileReference; lastKnownFileType = wrapper.framework; name = MapKit.framework; path = System/Library/Frameworks/MapKit.framework; sourceTree = SDKROOT; };
		60FF988D181A7F370093C838 /* ATM.app */ = {isa = PBXFileReference; explicitFileType = wrapper.application; includeInIndex = 0; path = ATM.app; sourceTree = BUILT_PRODUCTS_DIR; };
		60FF9890181A7F370093C838 /* Foundation.framework */ = {isa = PBXFileReference; lastKnownFileType = wrapper.framework; name = Foundation.framework; path = System/Library/Frameworks/Foundation.framework; sourceTree = SDKROOT; };
		60FF9892181A7F370093C838 /* CoreGraphics.framework */ = {isa = PBXFileReference; lastKnownFileType = wrapper.framework; name = CoreGraphics.framework; path = System/Library/Frameworks/CoreGraphics.framework; sourceTree = SDKROOT; };
		60FF9894181A7F370093C838 /* UIKit.framework */ = {isa = PBXFileReference; lastKnownFileType = wrapper.framework; name = UIKit.framework; path = System/Library/Frameworks/UIKit.framework; sourceTree = SDKROOT; };
		60FF9898181A7F370093C838 /* ATMinKG-Info.plist */ = {isa = PBXFileReference; lastKnownFileType = text.plist.xml; path = "ATMinKG-Info.plist"; sourceTree = "<group>"; };
		60FF989A181A7F370093C838 /* en */ = {isa = PBXFileReference; lastKnownFileType = text.plist.strings; name = en; path = en.lproj/InfoPlist.strings; sourceTree = "<group>"; };
		60FF989C181A7F370093C838 /* main.m */ = {isa = PBXFileReference; lastKnownFileType = sourcecode.c.objc; path = main.m; sourceTree = "<group>"; };
		60FF989E181A7F370093C838 /* ATMinKG-Prefix.pch */ = {isa = PBXFileReference; lastKnownFileType = sourcecode.c.h; path = "ATMinKG-Prefix.pch"; sourceTree = "<group>"; };
		60FF989F181A7F370093C838 /* GRFXAppDelegate.h */ = {isa = PBXFileReference; lastKnownFileType = sourcecode.c.h; path = GRFXAppDelegate.h; sourceTree = "<group>"; };
		60FF98A0181A7F370093C838 /* GRFXAppDelegate.m */ = {isa = PBXFileReference; lastKnownFileType = sourcecode.c.objc; path = GRFXAppDelegate.m; sourceTree = "<group>"; };
		60FF98A3181A7F370093C838 /* Base */ = {isa = PBXFileReference; lastKnownFileType = file.storyboard; name = Base; path = Base.lproj/Main.storyboard; sourceTree = "<group>"; };
		60FF98A5181A7F370093C838 /* GRFXMapViewController.h */ = {isa = PBXFileReference; lastKnownFileType = sourcecode.c.h; path = GRFXMapViewController.h; sourceTree = "<group>"; };
		60FF98A6181A7F370093C838 /* GRFXMapViewController.m */ = {isa = PBXFileReference; lastKnownFileType = sourcecode.c.objc; path = GRFXMapViewController.m; sourceTree = "<group>"; };
		60FF98A8181A7F370093C838 /* Images.xcassets */ = {isa = PBXFileReference; lastKnownFileType = folder.assetcatalog; path = Images.xcassets; sourceTree = "<group>"; };
		60FF98AE181A7F370093C838 /* ATMinKGTests.xctest */ = {isa = PBXFileReference; explicitFileType = wrapper.cfbundle; includeInIndex = 0; path = ATMinKGTests.xctest; sourceTree = BUILT_PRODUCTS_DIR; };
		60FF98AF181A7F370093C838 /* XCTest.framework */ = {isa = PBXFileReference; lastKnownFileType = wrapper.framework; name = XCTest.framework; path = Library/Frameworks/XCTest.framework; sourceTree = DEVELOPER_DIR; };
		60FF98B7181A7F370093C838 /* ATMinKGTests-Info.plist */ = {isa = PBXFileReference; lastKnownFileType = text.plist.xml; path = "ATMinKGTests-Info.plist"; sourceTree = "<group>"; };
		60FF98B9181A7F370093C838 /* en */ = {isa = PBXFileReference; lastKnownFileType = text.plist.strings; name = en; path = en.lproj/InfoPlist.strings; sourceTree = "<group>"; };
		60FF98BB181A7F370093C838 /* ATMinKGTests.m */ = {isa = PBXFileReference; lastKnownFileType = sourcecode.c.objc; path = ATMinKGTests.m; sourceTree = "<group>"; };
		71F0F0302854B2FABDF607BB /* FilterView.xib */ = {isa = PBXFileReference; lastKnownFileType = file.xib; path = FilterView.xib; sourceTree = "<group>"; };
		71F0F051E7E5BA62FA18A0E6 /* UIImage+ImageEffects.h */ = {isa = PBXFileReference; fileEncoding = 4; lastKnownFileType = sourcecode.c.h; path = "UIImage+ImageEffects.h"; sourceTree = "<group>"; };
		71F0F061431E7894DDF25970 /* GRFXOSMapViewController.m */ = {isa = PBXFileReference; fileEncoding = 4; lastKnownFileType = sourcecode.c.objc; path = GRFXOSMapViewController.m; sourceTree = "<group>"; };
		71F0F08FD8211A7D1429184E /* iconMastercard@2x.png */ = {isa = PBXFileReference; lastKnownFileType = image.png; path = "iconMastercard@2x.png"; sourceTree = "<group>"; };
		71F0F11145E0975DC49CA9BE /* GRFXATMDetailsViewController.m */ = {isa = PBXFileReference; fileEncoding = 4; lastKnownFileType = sourcecode.c.objc; path = GRFXATMDetailsViewController.m; sourceTree = "<group>"; };
		71F0F1453F036B802A3BD5F8 /* GRFXParsers.m */ = {isa = PBXFileReference; fileEncoding = 4; lastKnownFileType = sourcecode.c.objc; path = GRFXParsers.m; sourceTree = "<group>"; };
		71F0F16DD4CA5827B4A4D429 /* iconVisa.png */ = {isa = PBXFileReference; lastKnownFileType = image.png; path = iconVisa.png; sourceTree = "<group>"; };
		71F0F189C496FBB88637E004 /* GRFXATMProxy.h */ = {isa = PBXFileReference; fileEncoding = 4; lastKnownFileType = sourcecode.c.h; path = GRFXATMProxy.h; sourceTree = "<group>"; };
		71F0F22B742F90109F0B0E92 /* filterBarBg.png */ = {isa = PBXFileReference; lastKnownFileType = image.png; path = filterBarBg.png; sourceTree = "<group>"; };
		71F0F296BA7141529C8EF4FD /* GRFXFilterView.m */ = {isa = PBXFileReference; fileEncoding = 4; lastKnownFileType = sourcecode.c.objc; path = GRFXFilterView.m; sourceTree = "<group>"; };
		71F0F29B5E09CDF0F332A1E7 /* iconAtm@2x.png */ = {isa = PBXFileReference; lastKnownFileType = image.png; path = "iconAtm@2x.png"; sourceTree = "<group>"; };
		71F0F351066EA68AE90DF5CE /* GRFXATM.h */ = {isa = PBXFileReference; fileEncoding = 4; lastKnownFileType = sourcecode.c.h; path = GRFXATM.h; sourceTree = "<group>"; };
		71F0F351AD377DE5B0C09619 /* iconAtm.png */ = {isa = PBXFileReference; lastKnownFileType = image.png; path = iconAtm.png; sourceTree = "<group>"; };
		71F0F39B92F870B4C5E92E28 /* GRFXFilterButton.h */ = {isa = PBXFileReference; fileEncoding = 4; lastKnownFileType = sourcecode.c.h; path = GRFXFilterButton.h; sourceTree = "<group>"; };
		71F0F3D2F30B0D23D057A5D0 /* GRFXProxyDelegate.h */ = {isa = PBXFileReference; fileEncoding = 4; lastKnownFileType = sourcecode.c.h; path = GRFXProxyDelegate.h; sourceTree = "<group>"; };
		71F0F4419A7DE37792C5A88B /* UIView+blur.h */ = {isa = PBXFileReference; fileEncoding = 4; lastKnownFileType = sourcecode.c.h; path = "UIView+blur.h"; sourceTree = "<group>"; };
		71F0F5E8301C9E1B41E71E52 /* GRFXBanksProxy.h */ = {isa = PBXFileReference; fileEncoding = 4; lastKnownFileType = sourcecode.c.h; path = GRFXBanksProxy.h; sourceTree = "<group>"; };
		71F0F719E9EF7E5DAE43FD06 /* GRFXFilterPredicates.h */ = {isa = PBXFileReference; fileEncoding = 4; lastKnownFileType = sourcecode.c.h; path = GRFXFilterPredicates.h; sourceTree = "<group>"; };
		71F0F7492A8158580CAAD132 /* GRFXATMProxy.m */ = {isa = PBXFileReference; fileEncoding = 4; lastKnownFileType = sourcecode.c.objc; path = GRFXATMProxy.m; sourceTree = "<group>"; };
		71F0F7729B29F4B6CBD8AEDF /* GRFXFilterView.h */ = {isa = PBXFileReference; fileEncoding = 4; lastKnownFileType = sourcecode.c.h; path = GRFXFilterView.h; sourceTree = "<group>"; };
		71F0F82CD68A718B4E56BC7F /* UIView+blur.m */ = {isa = PBXFileReference; fileEncoding = 4; lastKnownFileType = sourcecode.c.objc; path = "UIView+blur.m"; sourceTree = "<group>"; };
		71F0F85AB7D3ADE4BEA0691F /* filterBarBg@2x.png */ = {isa = PBXFileReference; lastKnownFileType = image.png; path = "filterBarBg@2x.png"; sourceTree = "<group>"; };
		71F0F8D2EDF275727B26ACFF /* GRFXATMDetailsViewController.h */ = {isa = PBXFileReference; fileEncoding = 4; lastKnownFileType = sourcecode.c.h; path = GRFXATMDetailsViewController.h; sourceTree = "<group>"; };
		71F0F97653A08BD20DA85498 /* GRFXFilterPredicates.m */ = {isa = PBXFileReference; fileEncoding = 4; lastKnownFileType = sourcecode.c.objc; path = GRFXFilterPredicates.m; sourceTree = "<group>"; };
		71F0F97FCA1F153535A1CA01 /* GRFXFilterButton.m */ = {isa = PBXFileReference; fileEncoding = 4; lastKnownFileType = sourcecode.c.objc; path = GRFXFilterButton.m; sourceTree = "<group>"; };
		71F0F98642F7821A582ECC87 /* GRFXOSMapViewController.h */ = {isa = PBXFileReference; fileEncoding = 4; lastKnownFileType = sourcecode.c.h; path = GRFXOSMapViewController.h; sourceTree = "<group>"; };
		71F0FCFA13982542571A42BE /* GRFXATM.m */ = {isa = PBXFileReference; fileEncoding = 4; lastKnownFileType = sourcecode.c.objc; path = GRFXATM.m; sourceTree = "<group>"; };
		71F0FD3C6F4E7870C49FED4B /* UIImage+ImageEffects.m */ = {isa = PBXFileReference; fileEncoding = 4; lastKnownFileType = sourcecode.c.objc; path = "UIImage+ImageEffects.m"; sourceTree = "<group>"; };
		71F0FD446B4DF5522B180475 /* GRFXParsers.h */ = {isa = PBXFileReference; fileEncoding = 4; lastKnownFileType = sourcecode.c.h; path = GRFXParsers.h; sourceTree = "<group>"; };
		71F0FF2C977507DA2BA88B9B /* iconMastercard.png */ = {isa = PBXFileReference; lastKnownFileType = image.png; path = iconMastercard.png; sourceTree = "<group>"; };
		71F0FF9E93040C9983A77742 /* GRFXBanksProxy.m */ = {isa = PBXFileReference; fileEncoding = 4; lastKnownFileType = sourcecode.c.objc; path = GRFXBanksProxy.m; sourceTree = "<group>"; };
		71F0FFA6B280199D4B8D9BE9 /* iconVisa@2x.png */ = {isa = PBXFileReference; lastKnownFileType = image.png; path = "iconVisa@2x.png"; sourceTree = "<group>"; };
/* End PBXFileReference section */

/* Begin PBXFrameworksBuildPhase section */
		60FF988A181A7F370093C838 /* Frameworks */ = {
			isa = PBXFrameworksBuildPhase;
			buildActionMask = 2147483647;
			files = (
				60D132771902723E00F482E5 /* MapKit.framework in Frameworks */,
				60FF9893181A7F370093C838 /* CoreGraphics.framework in Frameworks */,
				60FF9895181A7F370093C838 /* UIKit.framework in Frameworks */,
				60FF9891181A7F370093C838 /* Foundation.framework in Frameworks */,
				7AAC0416BA6A4465B706ED79 /* libPods.a in Frameworks */,
			);
			runOnlyForDeploymentPostprocessing = 0;
		};
		60FF98AB181A7F370093C838 /* Frameworks */ = {
			isa = PBXFrameworksBuildPhase;
			buildActionMask = 2147483647;
			files = (
				60FF98B0181A7F370093C838 /* XCTest.framework in Frameworks */,
				60FF98B2181A7F370093C838 /* UIKit.framework in Frameworks */,
				60FF98B1181A7F370093C838 /* Foundation.framework in Frameworks */,
			);
			runOnlyForDeploymentPostprocessing = 0;
		};
/* End PBXFrameworksBuildPhase section */

/* Begin PBXGroup section */
		60FF9884181A7F370093C838 = {
			isa = PBXGroup;
			children = (
				60FF9896181A7F370093C838 /* ATMinKG */,
				60FF98B5181A7F370093C838 /* ATMinKGTests */,
				60FF988F181A7F370093C838 /* Frameworks */,
				60FF988E181A7F370093C838 /* Products */,
				54998F5DF17F47A589697D02 /* Pods.xcconfig */,
			);
			sourceTree = "<group>";
		};
		60FF988E181A7F370093C838 /* Products */ = {
			isa = PBXGroup;
			children = (
				60FF988D181A7F370093C838 /* ATM.app */,
				60FF98AE181A7F370093C838 /* ATMinKGTests.xctest */,
			);
			name = Products;
			sourceTree = "<group>";
		};
		60FF988F181A7F370093C838 /* Frameworks */ = {
			isa = PBXGroup;
			children = (
				60D132761902723E00F482E5 /* MapKit.framework */,
				60FF9890181A7F370093C838 /* Foundation.framework */,
				60FF9892181A7F370093C838 /* CoreGraphics.framework */,
				60FF9894181A7F370093C838 /* UIKit.framework */,
				60FF98AF181A7F370093C838 /* XCTest.framework */,
				5FEE78E4B4EA49DD8C60D9C8 /* libPods.a */,
			);
			name = Frameworks;
			sourceTree = "<group>";
		};
		60FF9896181A7F370093C838 /* ATMinKG */ = {
			isa = PBXGroup;
			children = (
				60FF989F181A7F370093C838 /* GRFXAppDelegate.h */,
				60FF98A0181A7F370093C838 /* GRFXAppDelegate.m */,
				60FF98A2181A7F370093C838 /* Main.storyboard */,
				60FF98A5181A7F370093C838 /* GRFXMapViewController.h */,
				60FF98A6181A7F370093C838 /* GRFXMapViewController.m */,
				60FF98A8181A7F370093C838 /* Images.xcassets */,
				60FF9897181A7F370093C838 /* Supporting Files */,
				71F0FF7E00C98732CB0148ED /* service */,
				71F0F4FFC7147E0C5ED43804 /* Model */,
				71F0F11145E0975DC49CA9BE /* GRFXATMDetailsViewController.m */,
				71F0F8D2EDF275727B26ACFF /* GRFXATMDetailsViewController.h */,
				71F0F0DB12C68D653826F39A /* Assets */,
				71F0F8590ED848FD382001F3 /* Views */,
				71F0F3A8AC10E12A2C85B205 /* Blur */,
				71F0F454BBE25ACC533D44A8 /* Business */,
				71F0F061431E7894DDF25970 /* GRFXOSMapViewController.m */,
				71F0F98642F7821A582ECC87 /* GRFXOSMapViewController.h */,
			);
			path = ATMinKG;
			sourceTree = "<group>";
		};
		60FF9897181A7F370093C838 /* Supporting Files */ = {
			isa = PBXGroup;
			children = (
				60FF9898181A7F370093C838 /* ATMinKG-Info.plist */,
				60FF9899181A7F370093C838 /* InfoPlist.strings */,
				60FF989C181A7F370093C838 /* main.m */,
				60FF989E181A7F370093C838 /* ATMinKG-Prefix.pch */,
			);
			name = "Supporting Files";
			sourceTree = "<group>";
		};
		60FF98B5181A7F370093C838 /* ATMinKGTests */ = {
			isa = PBXGroup;
			children = (
				60FF98BB181A7F370093C838 /* ATMinKGTests.m */,
				60FF98B6181A7F370093C838 /* Supporting Files */,
			);
			path = ATMinKGTests;
			sourceTree = "<group>";
		};
		60FF98B6181A7F370093C838 /* Supporting Files */ = {
			isa = PBXGroup;
			children = (
				60FF98B7181A7F370093C838 /* ATMinKGTests-Info.plist */,
				60FF98B8181A7F370093C838 /* InfoPlist.strings */,
			);
			name = "Supporting Files";
			sourceTree = "<group>";
		};
		71F0F0DB12C68D653826F39A /* Assets */ = {
			isa = PBXGroup;
			children = (
				604B826718509C4D008587BA /* iconMastercardDetails.png */,
				604B826818509C4D008587BA /* iconMastercardDetails@2x.png */,
				604B826318509C42008587BA /* iconVisaDetails.png */,
				604B826418509C42008587BA /* iconVisaDetails@2x.png */,
				71F0F351AD377DE5B0C09619 /* iconAtm.png */,
				71F0F29B5E09CDF0F332A1E7 /* iconAtm@2x.png */,
				71F0F08FD8211A7D1429184E /* iconMastercard@2x.png */,
				71F0FF2C977507DA2BA88B9B /* iconMastercard.png */,
				71F0FFA6B280199D4B8D9BE9 /* iconVisa@2x.png */,
				71F0F16DD4CA5827B4A4D429 /* iconVisa.png */,
				71F0F22B742F90109F0B0E92 /* filterBarBg.png */,
				71F0F85AB7D3ADE4BEA0691F /* filterBarBg@2x.png */,
			);
			path = Assets;
			sourceTree = "<group>";
		};
		71F0F3A8AC10E12A2C85B205 /* Blur */ = {
			isa = PBXGroup;
			children = (
				71F0F4419A7DE37792C5A88B /* UIView+blur.h */,
				71F0F051E7E5BA62FA18A0E6 /* UIImage+ImageEffects.h */,
				71F0F82CD68A718B4E56BC7F /* UIView+blur.m */,
				71F0FD3C6F4E7870C49FED4B /* UIImage+ImageEffects.m */,
			);
			path = Blur;
			sourceTree = "<group>";
		};
		71F0F454BBE25ACC533D44A8 /* Business */ = {
			isa = PBXGroup;
			children = (
				71F0F97653A08BD20DA85498 /* GRFXFilterPredicates.m */,
				71F0F719E9EF7E5DAE43FD06 /* GRFXFilterPredicates.h */,
				71F0F1453F036B802A3BD5F8 /* GRFXParsers.m */,
				71F0FD446B4DF5522B180475 /* GRFXParsers.h */,
			);
			path = Business;
			sourceTree = "<group>";
		};
		71F0F4FFC7147E0C5ED43804 /* Model */ = {
			isa = PBXGroup;
			children = (
				71F0FCFA13982542571A42BE /* GRFXATM.m */,
				71F0F351066EA68AE90DF5CE /* GRFXATM.h */,
			);
			path = Model;
			sourceTree = "<group>";
		};
		71F0F8590ED848FD382001F3 /* Views */ = {
			isa = PBXGroup;
			children = (
				71F0F39B92F870B4C5E92E28 /* GRFXFilterButton.h */,
				71F0F97FCA1F153535A1CA01 /* GRFXFilterButton.m */,
				71F0F7729B29F4B6CBD8AEDF /* GRFXFilterView.h */,
				71F0F296BA7141529C8EF4FD /* GRFXFilterView.m */,
				71F0F0302854B2FABDF607BB /* FilterView.xib */,
			);
			path = Views;
			sourceTree = "<group>";
		};
		71F0FF7E00C98732CB0148ED /* service */ = {
			isa = PBXGroup;
			children = (
				71F0F7492A8158580CAAD132 /* GRFXATMProxy.m */,
				71F0F189C496FBB88637E004 /* GRFXATMProxy.h */,
				71F0F3D2F30B0D23D057A5D0 /* GRFXProxyDelegate.h */,
				71F0FF9E93040C9983A77742 /* GRFXBanksProxy.m */,
				71F0F5E8301C9E1B41E71E52 /* GRFXBanksProxy.h */,
			);
			path = service;
			sourceTree = "<group>";
		};
/* End PBXGroup section */

/* Begin PBXNativeTarget section */
		60FF988C181A7F370093C838 /* ATM */ = {
			isa = PBXNativeTarget;
			buildConfigurationList = 60FF98BF181A7F370093C838 /* Build configuration list for PBXNativeTarget "ATM" */;
			buildPhases = (
				4B54099F46EF43D9BD2000A0 /* Check Pods Manifest.lock */,
				60FF9889181A7F370093C838 /* Sources */,
				60FF988A181A7F370093C838 /* Frameworks */,
				60FF988B181A7F370093C838 /* Resources */,
				21010B55D2E240078C154DDF /* Copy Pods Resources */,
			);
			buildRules = (
			);
			dependencies = (
			);
			name = ATM;
			productName = ATMinKG;
			productReference = 60FF988D181A7F370093C838 /* ATM.app */;
			productType = "com.apple.product-type.application";
		};
		60FF98AD181A7F370093C838 /* ATMinKGTests */ = {
			isa = PBXNativeTarget;
			buildConfigurationList = 60FF98C2181A7F370093C838 /* Build configuration list for PBXNativeTarget "ATMinKGTests" */;
			buildPhases = (
				60FF98AA181A7F370093C838 /* Sources */,
				60FF98AB181A7F370093C838 /* Frameworks */,
				60FF98AC181A7F370093C838 /* Resources */,
			);
			buildRules = (
			);
			dependencies = (
				60FF98B4181A7F370093C838 /* PBXTargetDependency */,
			);
			name = ATMinKGTests;
			productName = ATMinKGTests;
			productReference = 60FF98AE181A7F370093C838 /* ATMinKGTests.xctest */;
			productType = "com.apple.product-type.bundle.unit-test";
		};
/* End PBXNativeTarget section */

/* Begin PBXProject section */
		60FF9885181A7F370093C838 /* Project object */ = {
			isa = PBXProject;
			attributes = {
				CLASSPREFIX = GRFX;
				LastUpgradeCheck = 0500;
				ORGANIZATIONNAME = "Adilet Abylov";
				TargetAttributes = {
					60FF988C181A7F370093C838 = {
						DevelopmentTeam = VMU86T7C97;
					};
					60FF98AD181A7F370093C838 = {
						TestTargetID = 60FF988C181A7F370093C838;
					};
				};
			};
			buildConfigurationList = 60FF9888181A7F370093C838 /* Build configuration list for PBXProject "ATMinKG" */;
			compatibilityVersion = "Xcode 3.2";
			developmentRegion = English;
			hasScannedForEncodings = 0;
			knownRegions = (
				en,
				Base,
			);
			mainGroup = 60FF9884181A7F370093C838;
			productRefGroup = 60FF988E181A7F370093C838 /* Products */;
			projectDirPath = "";
			projectRoot = "";
			targets = (
				60FF988C181A7F370093C838 /* ATM */,
				60FF98AD181A7F370093C838 /* ATMinKGTests */,
			);
		};
/* End PBXProject section */

/* Begin PBXResourcesBuildPhase section */
		60FF988B181A7F370093C838 /* Resources */ = {
			isa = PBXResourcesBuildPhase;
			buildActionMask = 2147483647;
			files = (
				604B826618509C42008587BA /* iconVisaDetails@2x.png in Resources */,
				604B826918509C4D008587BA /* iconMastercardDetails.png in Resources */,
				60FF98A9181A7F370093C838 /* Images.xcassets in Resources */,
				60FF989B181A7F370093C838 /* InfoPlist.strings in Resources */,
				604B826A18509C4D008587BA /* iconMastercardDetails@2x.png in Resources */,
				60FF98A4181A7F370093C838 /* Main.storyboard in Resources */,
				71F0F1EDCEF74D6B7949DCC0 /* iconAtm.png in Resources */,
				604B826518509C42008587BA /* iconVisaDetails.png in Resources */,
				71F0FF0830D1A6A3CAD4D462 /* iconAtm@2x.png in Resources */,
				71F0F4F538C82DFCFFB6BC36 /* iconMastercard@2x.png in Resources */,
				71F0FCD9F09A4E70CF9F5C80 /* iconMastercard.png in Resources */,
				71F0F027B2D8B761598D56F3 /* iconVisa@2x.png in Resources */,
				71F0F71EE3F2002C9AA50D57 /* iconVisa.png in Resources */,
				71F0FA1550E6118DC6CB9878 /* FilterView.xib in Resources */,
				71F0F0765182DCCBF0D349FA /* filterBarBg.png in Resources */,
				71F0F59890B716CFCD5B3C15 /* filterBarBg@2x.png in Resources */,
			);
			runOnlyForDeploymentPostprocessing = 0;
		};
		60FF98AC181A7F370093C838 /* Resources */ = {
			isa = PBXResourcesBuildPhase;
			buildActionMask = 2147483647;
			files = (
				60FF98BA181A7F370093C838 /* InfoPlist.strings in Resources */,
			);
			runOnlyForDeploymentPostprocessing = 0;
		};
/* End PBXResourcesBuildPhase section */

/* Begin PBXShellScriptBuildPhase section */
		21010B55D2E240078C154DDF /* Copy Pods Resources */ = {
			isa = PBXShellScriptBuildPhase;
			buildActionMask = 2147483647;
			files = (
			);
			inputPaths = (
			);
			name = "Copy Pods Resources";
			outputPaths = (
			);
			runOnlyForDeploymentPostprocessing = 0;
			shellPath = /bin/sh;
			shellScript = "\"${SRCROOT}/Pods/Pods-resources.sh\"\n";
			showEnvVarsInLog = 0;
		};
		4B54099F46EF43D9BD2000A0 /* Check Pods Manifest.lock */ = {
			isa = PBXShellScriptBuildPhase;
			buildActionMask = 2147483647;
			files = (
			);
			inputPaths = (
			);
			name = "Check Pods Manifest.lock";
			outputPaths = (
			);
			runOnlyForDeploymentPostprocessing = 0;
			shellPath = /bin/sh;
			shellScript = "diff \"${PODS_ROOT}/../Podfile.lock\" \"${PODS_ROOT}/Manifest.lock\" > /dev/null\nif [[ $? != 0 ]] ; then\n    cat << EOM\nerror: The sandbox is not in sync with the Podfile.lock. Run 'pod install' or update your CocoaPods installation.\nEOM\n    exit 1\nfi\n";
			showEnvVarsInLog = 0;
		};
/* End PBXShellScriptBuildPhase section */

/* Begin PBXSourcesBuildPhase section */
		60FF9889181A7F370093C838 /* Sources */ = {
			isa = PBXSourcesBuildPhase;
			buildActionMask = 2147483647;
			files = (
				60FF98A7181A7F370093C838 /* GRFXMapViewController.m in Sources */,
				60FF989D181A7F370093C838 /* main.m in Sources */,
				60FF98A1181A7F370093C838 /* GRFXAppDelegate.m in Sources */,
				71F0F9BEFD4D6FE2A1FDD9B4 /* GRFXATM.m in Sources */,
				71F0F716EA28814081AAE655 /* GRFXATMProxy.m in Sources */,
				71F0FE4B6C1CB28846C9A8CC /* GRFXATMDetailsViewController.m in Sources */,
				71F0F31597AF01FB2A87FFF2 /* GRFXBanksProxy.m in Sources */,
				71F0F5AF08DF981B4E74D64A /* GRFXFilterButton.m in Sources */,
				71F0F1A0C84A8D31984CA6BD /* GRFXFilterView.m in Sources */,
				71F0FEEB569D36EAAE18D43B /* UIView+blur.m in Sources */,
				71F0F797C12D3D58B531ACCE /* UIImage+ImageEffects.m in Sources */,
				71F0F5AD157A2EBE5E0CF401 /* GRFXFilterPredicates.m in Sources */,
				71F0F1CFC7EAA6EA45963B16 /* GRFXParsers.m in Sources */,
				71F0F4F297DC4CA9D061CEFD /* GRFXOSMapViewController.m in Sources */,
			);
			runOnlyForDeploymentPostprocessing = 0;
		};
		60FF98AA181A7F370093C838 /* Sources */ = {
			isa = PBXSourcesBuildPhase;
			buildActionMask = 2147483647;
			files = (
				60FF98BC181A7F370093C838 /* ATMinKGTests.m in Sources */,
			);
			runOnlyForDeploymentPostprocessing = 0;
		};
/* End PBXSourcesBuildPhase section */

/* Begin PBXTargetDependency section */
		60FF98B4181A7F370093C838 /* PBXTargetDependency */ = {
			isa = PBXTargetDependency;
			target = 60FF988C181A7F370093C838 /* ATM */;
			targetProxy = 60FF98B3181A7F370093C838 /* PBXContainerItemProxy */;
		};
/* End PBXTargetDependency section */

/* Begin PBXVariantGroup section */
		60FF9899181A7F370093C838 /* InfoPlist.strings */ = {
			isa = PBXVariantGroup;
			children = (
				60FF989A181A7F370093C838 /* en */,
			);
			name = InfoPlist.strings;
			sourceTree = "<group>";
		};
		60FF98A2181A7F370093C838 /* Main.storyboard */ = {
			isa = PBXVariantGroup;
			children = (
				60FF98A3181A7F370093C838 /* Base */,
			);
			name = Main.storyboard;
			sourceTree = "<group>";
		};
		60FF98B8181A7F370093C838 /* InfoPlist.strings */ = {
			isa = PBXVariantGroup;
			children = (
				60FF98B9181A7F370093C838 /* en */,
			);
			name = InfoPlist.strings;
			sourceTree = "<group>";
		};
/* End PBXVariantGroup section */

/* Begin XCBuildConfiguration section */
		60FF98BD181A7F370093C838 /* Debug */ = {
			isa = XCBuildConfiguration;
			buildSettings = {
				ALWAYS_SEARCH_USER_PATHS = NO;
				ARCHS = "$(ARCHS_STANDARD_INCLUDING_64_BIT)";
				CLANG_CXX_LANGUAGE_STANDARD = "gnu++0x";
				CLANG_CXX_LIBRARY = "libc++";
				CLANG_ENABLE_MODULES = YES;
				CLANG_ENABLE_OBJC_ARC = YES;
				CLANG_WARN_BOOL_CONVERSION = YES;
				CLANG_WARN_CONSTANT_CONVERSION = YES;
				CLANG_WARN_DIRECT_OBJC_ISA_USAGE = YES_ERROR;
				CLANG_WARN_EMPTY_BODY = YES;
				CLANG_WARN_ENUM_CONVERSION = YES;
				CLANG_WARN_INT_CONVERSION = YES;
				CLANG_WARN_OBJC_ROOT_CLASS = YES_ERROR;
				CLANG_WARN__DUPLICATE_METHOD_MATCH = YES;
				"CODE_SIGN_IDENTITY[sdk=iphoneos*]" = "iPhone Developer";
				COPY_PHASE_STRIP = NO;
				GCC_C_LANGUAGE_STANDARD = gnu99;
				GCC_DYNAMIC_NO_PIC = NO;
				GCC_OPTIMIZATION_LEVEL = 0;
				GCC_PREPROCESSOR_DEFINITIONS = (
					"DEBUG=1",
					"$(inherited)",
				);
				GCC_SYMBOLS_PRIVATE_EXTERN = NO;
				GCC_WARN_64_TO_32_BIT_CONVERSION = YES;
				GCC_WARN_ABOUT_RETURN_TYPE = YES_ERROR;
				GCC_WARN_UNDECLARED_SELECTOR = YES;
				GCC_WARN_UNINITIALIZED_AUTOS = YES;
				GCC_WARN_UNUSED_FUNCTION = YES;
				GCC_WARN_UNUSED_VARIABLE = YES;
				IPHONEOS_DEPLOYMENT_TARGET = 7.0;
				ONLY_ACTIVE_ARCH = YES;
				SDKROOT = iphoneos;
			};
			name = Debug;
		};
		60FF98BE181A7F370093C838 /* Release */ = {
			isa = XCBuildConfiguration;
			buildSettings = {
				ALWAYS_SEARCH_USER_PATHS = NO;
				ARCHS = "$(ARCHS_STANDARD_INCLUDING_64_BIT)";
				CLANG_CXX_LANGUAGE_STANDARD = "gnu++0x";
				CLANG_CXX_LIBRARY = "libc++";
				CLANG_ENABLE_MODULES = YES;
				CLANG_ENABLE_OBJC_ARC = YES;
				CLANG_WARN_BOOL_CONVERSION = YES;
				CLANG_WARN_CONSTANT_CONVERSION = YES;
				CLANG_WARN_DIRECT_OBJC_ISA_USAGE = YES_ERROR;
				CLANG_WARN_EMPTY_BODY = YES;
				CLANG_WARN_ENUM_CONVERSION = YES;
				CLANG_WARN_INT_CONVERSION = YES;
				CLANG_WARN_OBJC_ROOT_CLASS = YES_ERROR;
				CLANG_WARN__DUPLICATE_METHOD_MATCH = YES;
				"CODE_SIGN_IDENTITY[sdk=iphoneos*]" = "iPhone Developer";
				COPY_PHASE_STRIP = YES;
				ENABLE_NS_ASSERTIONS = NO;
				GCC_C_LANGUAGE_STANDARD = gnu99;
				GCC_WARN_64_TO_32_BIT_CONVERSION = YES;
				GCC_WARN_ABOUT_RETURN_TYPE = YES_ERROR;
				GCC_WARN_UNDECLARED_SELECTOR = YES;
				GCC_WARN_UNINITIALIZED_AUTOS = YES;
				GCC_WARN_UNUSED_FUNCTION = YES;
				GCC_WARN_UNUSED_VARIABLE = YES;
				IPHONEOS_DEPLOYMENT_TARGET = 7.0;
				SDKROOT = iphoneos;
				VALIDATE_PRODUCT = YES;
			};
			name = Release;
		};
		60FF98C0181A7F370093C838 /* Debug */ = {
			isa = XCBuildConfiguration;
			baseConfigurationReference = 54998F5DF17F47A589697D02 /* Pods.xcconfig */;
			buildSettings = {
				ASSETCATALOG_COMPILER_APPICON_NAME = AppIcon;
				ASSETCATALOG_COMPILER_LAUNCHIMAGE_NAME = LaunchImage;
				CODE_SIGN_IDENTITY = "iPhone Developer";
				GCC_PRECOMPILE_PREFIX_HEADER = YES;
				GCC_PREFIX_HEADER = "ATMinKG/ATMinKG-Prefix.pch";
				INFOPLIST_FILE = "ATMinKG/ATMinKG-Info.plist";
				PRODUCT_NAME = "$(TARGET_NAME)";
				USER_HEADER_SEARCH_PATHS = "\"${PROJECT_DIR}/Pods\"/**";
				VALID_ARCHS = "armv7 armv7s";
				WRAPPER_EXTENSION = app;
			};
			name = Debug;
		};
		60FF98C1181A7F370093C838 /* Release */ = {
			isa = XCBuildConfiguration;
			baseConfigurationReference = 54998F5DF17F47A589697D02 /* Pods.xcconfig */;
			buildSettings = {
				ASSETCATALOG_COMPILER_APPICON_NAME = AppIcon;
				ASSETCATALOG_COMPILER_LAUNCHIMAGE_NAME = LaunchImage;
				CODE_SIGN_IDENTITY = "iPhone Developer";
				GCC_PRECOMPILE_PREFIX_HEADER = YES;
				GCC_PREFIX_HEADER = "ATMinKG/ATMinKG-Prefix.pch";
				INFOPLIST_FILE = "ATMinKG/ATMinKG-Info.plist";
				PRODUCT_NAME = "$(TARGET_NAME)";
				USER_HEADER_SEARCH_PATHS = "\"${PROJECT_DIR}/Pods\"/**";
				VALID_ARCHS = "armv7 armv7s";
				WRAPPER_EXTENSION = app;
			};
			name = Release;
		};
		60FF98C3181A7F370093C838 /* Debug */ = {
			isa = XCBuildConfiguration;
			buildSettings = {
				ARCHS = "$(ARCHS_STANDARD_INCLUDING_64_BIT)";
				BUNDLE_LOADER = "$(BUILT_PRODUCTS_DIR)/ATMinKG.app/ATMinKG";
				FRAMEWORK_SEARCH_PATHS = (
					"$(SDKROOT)/Developer/Library/Frameworks",
					"$(inherited)",
					"$(DEVELOPER_FRAMEWORKS_DIR)",
				);
				GCC_PRECOMPILE_PREFIX_HEADER = YES;
				GCC_PREFIX_HEADER = "ATMinKG/ATMinKG-Prefix.pch";
				GCC_PREPROCESSOR_DEFINITIONS = (
					"DEBUG=1",
					"$(inherited)",
				);
				INFOPLIST_FILE = "ATMinKGTests/ATMinKGTests-Info.plist";
				PRODUCT_NAME = "$(TARGET_NAME)";
				TEST_HOST = "$(BUNDLE_LOADER)";
				WRAPPER_EXTENSION = xctest;
			};
			name = Debug;
		};
		60FF98C4181A7F370093C838 /* Release */ = {
			isa = XCBuildConfiguration;
			buildSettings = {
				ARCHS = "$(ARCHS_STANDARD_INCLUDING_64_BIT)";
				BUNDLE_LOADER = "$(BUILT_PRODUCTS_DIR)/ATMinKG.app/ATMinKG";
				FRAMEWORK_SEARCH_PATHS = (
					"$(SDKROOT)/Developer/Library/Frameworks",
					"$(inherited)",
					"$(DEVELOPER_FRAMEWORKS_DIR)",
				);
				GCC_PRECOMPILE_PREFIX_HEADER = YES;
				GCC_PREFIX_HEADER = "ATMinKG/ATMinKG-Prefix.pch";
				INFOPLIST_FILE = "ATMinKGTests/ATMinKGTests-Info.plist";
				PRODUCT_NAME = "$(TARGET_NAME)";
				TEST_HOST = "$(BUNDLE_LOADER)";
				WRAPPER_EXTENSION = xctest;
			};
			name = Release;
		};
/* End XCBuildConfiguration section */

/* Begin XCConfigurationList section */
		60FF9888181A7F370093C838 /* Build configuration list for PBXProject "ATMinKG" */ = {
			isa = XCConfigurationList;
			buildConfigurations = (
				60FF98BD181A7F370093C838 /* Debug */,
				60FF98BE181A7F370093C838 /* Release */,
			);
			defaultConfigurationIsVisible = 0;
			defaultConfigurationName = Release;
		};
		60FF98BF181A7F370093C838 /* Build configuration list for PBXNativeTarget "ATM" */ = {
			isa = XCConfigurationList;
			buildConfigurations = (
				60FF98C0181A7F370093C838 /* Debug */,
				60FF98C1181A7F370093C838 /* Release */,
			);
			defaultConfigurationIsVisible = 0;
			defaultConfigurationName = Release;
		};
		60FF98C2181A7F370093C838 /* Build configuration list for PBXNativeTarget "ATMinKGTests" */ = {
			isa = XCConfigurationList;
			buildConfigurations = (
				60FF98C3181A7F370093C838 /* Debug */,
				60FF98C4181A7F370093C838 /* Release */,
			);
			defaultConfigurationIsVisible = 0;
			defaultConfigurationName = Release;
		};
/* End XCConfigurationList section */
	};
	rootObject = 60FF9885181A7F370093C838 /* Project object */;
}
